{
  "name": "codecity-server",
  "version": "0.0.0",
  "lockfileVersion": 1,
  "requires": true,
  "dependencies": {
    "acorn": {
      "version": "5.7.1",
      "resolved": "https://registry.npmjs.org/acorn/-/acorn-5.7.1.tgz",
      "integrity": "sha512-d+nbxBUGKg7Arpsvbnlq61mc12ek3EY8EQldM3GPAhWJ1UVxC6TDGbIvUMNU6obBX3i1+ptCIzV4vq0gFPEGVQ=="
    },
    "bindings": {
      "version": "1.3.0",
      "resolved": "https://registry.npmjs.org/bindings/-/bindings-1.3.0.tgz",
      "integrity": "sha512-DpLh5EzMR2kzvX1KIlVC0VkC3iZtHKTgdtZ0a3pglBZdaQFjt5S9g9xd1lE+YvXyfd6mtCeRnrUfOLYiTMlNSw=="
    },
    "get-symbol-from-current-process-h": {
      "version": "1.0.1",
      "resolved": "https://registry.npmjs.org/get-symbol-from-current-process-h/-/get-symbol-from-current-process-h-1.0.1.tgz",
      "integrity": "sha512-QvP1+tCDjgTiu+akjdEYd8eK8MFYy6nRCRNjfiCeQB9RJEHQZpN+WE+CVqPRNqjIVMwSqd0WiD008B+b7iIdaA=="
    },
    "get-uv-event-loop-napi-h": {
      "version": "1.0.5",
      "resolved": "https://registry.npmjs.org/get-uv-event-loop-napi-h/-/get-uv-event-loop-napi-h-1.0.5.tgz",
      "integrity": "sha512-uWDHId313vRTyqeLhlLWJS0CJOP8QXY5en/9Pv14dnPvAlRfKBfD6h2EDtoy7jxxOIWB9QgzYK16VCN3pCZOBg==",
      "requires": {
        "get-symbol-from-current-process-h": "^1.0.1"
      }
    },
    "node-addon-api": {
      "version": "1.7.1",
      "resolved": "https://registry.npmjs.org/node-addon-api/-/node-addon-api-1.7.1.tgz",
      "integrity": "sha512-2+DuKodWvwRTrCfKOeR24KIc5unKjOh8mz17NCzVnHWfjAdDqbfbjqh7gUT+BkXBRQM52+xCHciKWonJ3CbJMQ=="
    },
    "setimmediate-napi": {
      "version": "1.0.5",
      "resolved": "https://registry.npmjs.org/setimmediate-napi/-/setimmediate-napi-1.0.5.tgz",
      "integrity": "sha512-DkfCLZzpeRa4XvMSD2XwbtYCUmdKCxsHpm6doIeFResBDp4QFvOuN7ZBJWAQKEc+Dg6nuH5NeNij5JzDK1BQSg==",
      "requires": {
        "get-symbol-from-current-process-h": "^1.0.1",
        "get-uv-event-loop-napi-h": "^1.0.5"
      }
    },
    "tosource": {
      "version": "1.0.0",
      "resolved": "https://registry.npmjs.org/tosource/-/tosource-1.0.0.tgz",
      "integrity": "sha1-QtiN0RZhi88A1hBt1URvNCeQL/E=",
      "dev": true
    },
    "weak-napi": {
      "version": "1.0.3",
      "resolved": "https://registry.npmjs.org/weak-napi/-/weak-napi-1.0.3.tgz",
      "integrity": "sha512-cyqeMaYA5qI7RoZKAKvIHwEROEKDNxK7jXj3u56nF2rGBh+HFyhYmBb1/wAN4RqzRmkYKVVKQyqHpBoJjqtGUA==",
      "requires": {
        "bindings": "^1.3.0",
        "node-addon-api": "^1.1.0",
        "setimmediate-napi": "^1.0.3"
      }
    }
  }
}
