{
  "name": "codecity-server",
  "version": "0.0.0",
  "lockfileVersion": 1,
  "dependencies": {
    "tosource": {
      "version": "1.0.0",
      "resolved": "https://registry.npmjs.org/tosource/-/tosource-1.0.0.tgz",
      "integrity": "sha1-QtiN0RZhi88A1hBt1URvNCeQL/E=",
      "dev": true
    }
  }
}
